# This file is automatically @generated by Poetry 2.2.1 and should not be changed by hand.

[[package]]
name = "numpy"
version = "2.4.4"
description = "Fundamental package for array computing in Python"
optional = false
python-versions = ">=3.11"
groups = ["main"]
files = [
    {file = "numpy-2.4.4-cp311-cp311-macosx_10_9_x86_64.whl", hash = "sha256:f983334aea213c99992053ede6168500e5f086ce74fbc4acc3f2b00f5762e9db"},
    {file = "numpy-2.4.4-cp311-cp311-macosx_11_0_arm64.whl", hash = "sha256:72944b19f2324114e9dc86a159787333b77874143efcf89a5167ef83cfee8af0"},
    {file = "numpy-2.4.4-cp311-cp311-macosx_14_0_arm64.whl", hash = "sha256:86b6f55f5a352b48d7fbfd2dbc3d5b780b2d79f4d3c121f33eb6efb22e9a2015"},
    {file = "numpy-2.4.4-cp311-cp311-macosx_14_0_x86_64.whl", hash = "sha256:ba1f4fc670ed79f876f70082eff4f9583c15fb9a4b89d6188412de4d18ae2f40"},
    {file = "numpy-2.4.4-cp311-cp311-manylinux_2_27_aarch64.manylinux_2_28_aarch64.whl", hash = "sha256:8a87ec22c87be071b6bdbd27920b129b94f2fc964358ce38f3822635a3e2e03d"},
    {file = "numpy-2.4.4-cp311-cp311-manylinux_2_27_x86_64.manylinux_2_28_x86_64.whl", hash = "sha256:df3775294accfdd75f32c74ae39fcba920c9a378a2fc18a12b6820aa8c1fb502"},
    {file = "numpy-2.4.4-cp311-cp311-musllinux_1_2_aarch64.whl", hash = "sha256:0d4e437e295f18ec29bc79daf55e8a47a9113df44d66f702f02a293d93a2d6dd"},
    {file = "numpy-2.4.4-cp311-cp311-musllinux_1_2_x86_64.whl", hash = "sha256:6aa3236c78803afbcb255045fbef97a9e25a1f6c9888357d205ddc42f4d6eba5"},
    {file = "numpy-2.4.4-cp311-cp311-win32.whl", hash = "sha256:30caa73029a225b2d40d9fae193e008e24b2026b7ee1a867b7ee8d96ca1a448e"},
    {file = "numpy-2.4.4-cp311-cp311-win_amd64.whl", hash = "sha256:6bbe4eb67390b0a0265a2c25458f6b90a409d5d069f1041e6aff1e27e3d9a79e"},
    {file = "numpy-2.4.4-cp311-cp311-win_arm64.whl", hash = "sha256:fcfe2045fd2e8f3cb0ce9d4ba6dba6333b8fa05bb8a4939c908cd43322d14c7e"},
    {file = "numpy-2.4.4-cp312-cp312-macosx_10_13_x86_64.whl", hash = "sha256:15716cfef24d3a9762e3acdf87e27f58dc823d1348f765bbea6bef8c639bfa1b"},
    {file = "numpy-2.4.4-cp312-cp312-macosx_11_0_arm64.whl", hash = "sha256:23cbfd4c17357c81021f21540da84ee282b9c8fba38a03b7b9d09ba6b951421e"},
    {file = "numpy-2.4.4-cp312-cp312-macosx_14_0_arm64.whl", hash = "sha256:8b3b60bb7cba2c8c81837661c488637eee696f59a877788a396d33150c35d842"},
    {file = "numpy-2.4.4-cp312-cp312-macosx_14_0_x86_64.whl", hash = "sha256:e4a010c27ff6f210ff4c6ef34394cd61470d01014439b192ec22552ee867f2a8"},
    {file = "numpy-2.4.4-cp312-cp312-manylinux_2_27_aarch64.manylinux_2_28_aarch64.whl", hash = "sha256:f9e75681b59ddaa5e659898085ae0eaea229d054f2ac0c7e563a62205a700121"},
    {file = "numpy-2.4.4-cp312-cp312-manylinux_2_27_x86_64.manylinux_2_28_x86_64.whl", hash = "sha256:81f4a14bee47aec54f883e0cad2d73986640c1590eb9bfaaba7ad17394481e6e"},
    {file = "numpy-2.4.4-cp312-cp312-musllinux_1_2_aarch64.whl", hash = "sha256:62d6b0f03b694173f9fcb1fb317f7222fd0b0b103e784c6549f5e53a27718c44"},
    {file = "numpy-2.4.4-cp312-cp312-musllinux_1_2_x86_64.whl", hash = "sha256:fbc356aae7adf9e6336d336b9c8111d390a05df88f1805573ebb0807bd06fd1d"},
    {file = "numpy-2.4.4-cp312-cp312-win32.whl", hash = "sha256:0d35aea54ad1d420c812bfa0385c71cd7cc5bcf7c65fed95fc2cd02fe8c79827"},
    {file = "numpy-2.4.4-cp312-cp312-win_amd64.whl", hash = "sha256:b5f0362dc928a6ecd9db58868fca5e48485205e3855957bdedea308f8672ea4a"},
    {file = "numpy-2.4.4-cp312-cp312-win_arm64.whl", hash = "sha256:846300f379b5b12cc769334464656bc882e0735d27d9726568bc932fdc49d5ec"},
    {file = "numpy-2.4.4-cp313-cp313-macosx_10_13_x86_64.whl", hash = "sha256:08f2e31ed5e6f04b118e49821397f12767934cfdd12a1ce86a058f91e004ee50"},
    {file = "numpy-2.4.4-cp313-cp313-macosx_11_0_arm64.whl", hash = "sha256:e823b8b6edc81e747526f70f71a9c0a07ac4e7ad13020aa736bb7c9d67196115"},
    {file = "numpy-2.4.4-cp313-cp313-macosx_14_0_arm64.whl", hash = "sha256:4a19d9dba1a76618dd86b164d608566f393f8ec6ac7c44f0cc879011c45e65af"},
    {file = "numpy-2.4.4-cp313-cp313-macosx_14_0_x86_64.whl", hash = "sha256:d2a8490669bfe99a233298348acc2d824d496dee0e66e31b66a6022c2ad74a5c"},
    {file = "numpy-2.4.4-cp313-cp313-manylinux_2_27_aarch64.manylinux_2_28_aarch64.whl", hash = "sha256:45dbed2ab436a9e826e302fcdcbe9133f9b0006e5af7168afb8963a6520da103"},
    {file = "numpy-2.4.4-cp313-cp313-manylinux_2_27_x86_64.manylinux_2_28_x86_64.whl", hash = "sha256:c901b15172510173f5cb310eae652908340f8dede90fff9e3bf6c0d8dfd92f83"},
    {file = "numpy-2.4.4-cp313-cp313-musllinux_1_2_aarch64.whl", hash = "sha256:99d838547ace2c4aace6c4f76e879ddfe02bb58a80c1549928477862b7a6d6ed"},
    {file = "numpy-2.4.4-cp313-cp313-musllinux_1_2_x86_64.whl", hash = "sha256:0aec54fd785890ecca25a6003fd9a5aed47ad607bbac5cd64f836ad8666f4959"},
    {file = "numpy-2.4.4-cp313-cp313-win32.whl", hash = "sha256:07077278157d02f65c43b1b26a3886bce886f95d20aabd11f87932750dfb14ed"},
    {file = "numpy-2.4.4-cp313-cp313-win_amd64.whl", hash = "sha256:5c70f1cc1c4efbe316a572e2d8b9b9cc44e89b95f79ca3331553fbb63716e2bf"},
    {file = "numpy-2.4.4-cp313-cp313-win_arm64.whl", hash = "sha256:ef4059d6e5152fa1a39f888e344c73fdc926e1b2dd58c771d67b0acfbf2aa67d"},
    {file = "numpy-2.4.4-cp313-cp313t-macosx_11_0_arm64.whl", hash = "sha256:4bbc7f303d125971f60ec0aaad5e12c62d0d2c925f0ab1273debd0e4ba37aba5"},
    {file = "numpy-2.4.4-cp313-cp313t-macosx_14_0_arm64.whl", hash = "sha256:4d6d57903571f86180eb98f8f0c839fa9ebbfb031356d87f1361be91e433f5b7"},
    {file = "numpy-2.4.4-cp313-cp313t-macosx_14_0_x86_64.whl", hash = "sha256:4636de7fd195197b7535f231b5de9e4b36d2c440b6e566d2e4e4746e6af0ca93"},
    {file = "numpy-2.4.4-cp313-cp313t-manylinux_2_27_aarch64.manylinux_2_28_aarch64.whl", hash = "sha256:ad2e2ef14e0b04e544ea2fa0a36463f847f113d314aa02e5b402fdf910ef309e"},
    {file = "numpy-2.4.4-cp313-cp313t-manylinux_2_27_x86_64.manylinux_2_28_x86_64.whl", hash = "sha256:5a285b3b96f951841799528cd1f4f01cd70e7e0204b4abebac9463eecfcf2a40"},
    {file = "numpy-2.4.4-cp313-cp313t-musllinux_1_2_aarch64.whl", hash = "sha256:f8474c4241bc18b750be2abea9d7a9ec84f46ef861dbacf86a4f6e043401f79e"},
    {file = "numpy-2.4.4-cp313-cp313t-musllinux_1_2_x86_64.whl", hash = "sha256:4e874c976154687c1f71715b034739b45c7711bec81db01914770373d125e392"},
    {file = "numpy-2.4.4-cp313-cp313t-win32.whl", hash = "sha256:9c585a1790d5436a5374bac930dad6ed244c046ed91b2b2a3634eb2971d21008"},
    {file = "numpy-2.4.4-cp313-cp313t-win_amd64.whl", hash = "sha256:93e15038125dc1e5345d9b5b68aa7f996ec33b98118d18c6ca0d0b7d6198b7e8"},
    {file = "numpy-2.4.4-cp313-cp313t-win_arm64.whl", hash = "sha256:0dfd3f9d3adbe2920b68b5cd3d51444e13a10792ec7154cd0a2f6e74d4ab3233"},
    {file = "numpy-2.4.4-cp314-cp314-macosx_10_15_x86_64.whl", hash = "sha256:f169b9a863d34f5d11b8698ead99febeaa17a13ca044961aa8e2662a6c7766a0"},
    {file = "numpy-2.4.4-cp314-cp314-macosx_11_0_arm64.whl", hash = "sha256:2483e4584a1cb3092da4470b38866634bafb223cbcd551ee047633fd2584599a"},
    {file = "numpy-2.4.4-cp314-cp314-macosx_14_0_arm64.whl", hash = "sha256:2d19e6e2095506d1736b7d80595e0f252d76b89f5e715c35e06e937679ea7d7a"},
    {file = "numpy-2.4.4-cp314-cp314-macosx_14_0_x86_64.whl", hash = "sha256:6a246d5914aa1c820c9443ddcee9c02bec3e203b0c080349533fae17727dfd1b"},
    {file = "numpy-2.4.4-cp314-cp314-manylinux_2_27_aarch64.manylinux_2_28_aarch64.whl", hash = "sha256:989824e9faf85f96ec9c7761cd8d29c531ad857bfa1daa930cba85baaecf1a9a"},
    {file = "numpy-2.4.4-cp314-cp314-manylinux_2_27_x86_64.manylinux_2_28_x86_64.whl", hash = "sha256:27a8d92cd10f1382a67d7cf4db7ce18341b66438bdd9f691d7b0e48d104c2a9d"},
    {file = "numpy-2.4.4-cp314-cp314-musllinux_1_2_aarch64.whl", hash = "sha256:e44319a2953c738205bf3354537979eaa3998ed673395b964c1176083dd46252"},
    {file = "numpy-2.4.4-cp314-cp314-musllinux_1_2_x86_64.whl", hash = "sha256:e892aff75639bbef0d2a2cfd55535510df26ff92f63c92cd84ef8d4ba5a5557f"},
    {file = "numpy-2.4.4-cp314-cp314-win32.whl", hash = "sha256:1378871da56ca8943c2ba674530924bb8ca40cd228358a3b5f302ad60cf875fc"},
    {file = "numpy-2.4.4-cp314-cp314-win_amd64.whl", hash = "sha256:715d1c092715954784bc79e1174fc2a90093dc4dc84ea15eb14dad8abdcdeb74"},
    {file = "numpy-2.4.4-cp314-cp314-win_arm64.whl", hash = "sha256:2c194dd721e54ecad9ad387c1d35e63dce5c4450c6dc7dd5611283dda239aabb"},
    {file = "numpy-2.4.4-cp314-cp314t-macosx_11_0_arm64.whl", hash = "sha256:2aa0613a5177c264ff5921051a5719d20095ea586ca88cc802c5c218d1c67d3e"},
    {file = "numpy-2.4.4-cp314-cp314t-macosx_14_0_arm64.whl", hash = "sha256:42c16925aa5a02362f986765f9ebabf20de75cdefdca827d14315c568dcab113"},
    {file = "numpy-2.4.4-cp314-cp314t-macosx_14_0_x86_64.whl", hash = "sha256:874f200b2a981c647340f841730fc3a2b54c9d940566a3c4149099591e2c4c3d"},
    {file = "numpy-2.4.4-cp314-cp314t-manylinux_2_27_aarch64.manylinux_2_28_aarch64.whl", hash = "sha256:c9b39d38a9bd2ae1becd7eac1303d031c5c110ad31f2b319c6e7d98b135c934d"},
    {file = "numpy-2.4.4-cp314-cp314t-manylinux_2_27_x86_64.manylinux_2_28_x86_64.whl", hash = "sha256:b268594bccac7d7cf5844c7732e3f20c50921d94e36d7ec9b79e9857694b1b2f"},
    {file = "numpy-2.4.4-cp314-cp314t-musllinux_1_2_aarch64.whl", hash = "sha256:ac6b31e35612a26483e20750126d30d0941f949426974cace8e6b5c58a3657b0"},
    {file = "numpy-2.4.4-cp314-cp314t-musllinux_1_2_x86_64.whl", hash = "sha256:8e3ed142f2728df44263aaf5fb1f5b0b99f4070c553a0d7f033be65338329150"},
    {file = "numpy-2.4.4-cp314-cp314t-win32.whl", hash = "sha256:dddbbd259598d7240b18c9d87c56a9d2fb3b02fe266f49a7c101532e78c1d871"},
    {file = "numpy-2.4.4-cp314-cp314t-win_amd64.whl", hash = "sha256:a7164afb23be6e37ad90b2f10426149fd75aee07ca55653d2aa41e66c4ef697e"},
    {file = "numpy-2.4.4-cp314-cp314t-win_arm64.whl", hash = "sha256:ba203255017337d39f89bdd58417f03c4426f12beed0440cfd933cb15f8669c7"},
    {file = "numpy-2.4.4-pp311-pypy311_pp73-macosx_10_15_x86_64.whl", hash = "sha256:58c8b5929fcb8287cbd6f0a3fae19c6e03a5c48402ae792962ac465224a629a4"},
    {file = "numpy-2.4.4-pp311-pypy311_pp73-macosx_11_0_arm64.whl", hash = "sha256:eea7ac5d2dce4189771cedb559c738a71512768210dc4e4753b107a2048b3d0e"},
    {file = "numpy-2.4.4-pp311-pypy311_pp73-macosx_14_0_arm64.whl", hash = "sha256:51fc224f7ca4d92656d5a5eb315f12eb5fe2c97a66249aa7b5f562528a3be38c"},
    {file = "numpy-2.4.4-pp311-pypy311_pp73-macosx_14_0_x86_64.whl", hash = "sha256:28a650663f7314afc3e6ec620f44f333c386aad9f6fc472030865dc0ebb26ee3"},
    {file = "numpy-2.4.4-pp311-pypy311_pp73-manylinux_2_27_aarch64.manylinux_2_28_aarch64.whl", hash = "sha256:19710a9ca9992d7174e9c52f643d4272dcd1558c5f7af7f6f8190f633bd651a7"},
    {file = "numpy-2.4.4-pp311-pypy311_pp73-manylinux_2_27_x86_64.manylinux_2_28_x86_64.whl", hash = "sha256:9b2aec6af35c113b05695ebb5749a787acd63cafc83086a05771d1e1cd1e555f"},
    {file = "numpy-2.4.4-pp311-pypy311_pp73-win_amd64.whl", hash = "sha256:f2cf083b324a467e1ab358c105f6cad5ea950f50524668a80c486ff1db24e119"},
    {file = "numpy-2.4.4.tar.gz", hash = "sha256:2d390634c5182175533585cc89f3608a4682ccb173cc9bb940b2881c8d6f8fa0"},
]

[[package]]
name = "opencv-contrib-python"
version = "4.13.0.92"
description = "Wrapper package for OpenCV python bindings."
optional = false
python-versions = ">=3.6"
groups = ["main"]
files = [
    {file = "opencv_contrib_python-4.13.0.92-cp37-abi3-macosx_13_0_arm64.whl", hash = "sha256:53c8ab81376210dda5836307eb6bda7266f39a3820a9a070c7131510ba815fe1"},
    {file = "opencv_contrib_python-4.13.0.92-cp37-abi3-macosx_14_0_x86_64.whl", hash = "sha256:1973d0fc773873f9d1b5bf0d1b65895da2f47b06ba033b7d58393f5c28ba0778"},
    {file = "opencv_contrib_python-4.13.0.92-cp37-abi3-manylinux2014_aarch64.manylinux_2_17_aarch64.whl", hash = "sha256:5f9cb522dd9e465dfca3536c15288f7936b9827432fb9c885eaf94dc5f88c2a3"},
    {file = "opencv_contrib_python-4.13.0.92-cp37-abi3-manylinux2014_x86_64.manylinux_2_17_x86_64.whl", hash = "sha256:f9ceec5886419860a31b518991a99e978e5a6a78dca1470103ad4ede0155f156"},
    {file = "opencv_contrib_python-4.13.0.92-cp37-abi3-manylinux_2_28_aarch64.whl", hash = "sha256:a3c54377c5cf9c45d9b1a207df26dc8fe4f1042d07036cb17d80930c04b25d97"},
    {file = "opencv_contrib_python-4.13.0.92-cp37-abi3-manylinux_2_28_x86_64.whl", hash = "sha256:fc5ee50e2be9d40e913536f7f20cc6f87f25d8e413ebb32a3335ab6edf245d3e"},
    {file = "opencv_contrib_python-4.13.0.92-cp37-abi3-win32.whl", hash = "sha256:f5d02357f4d5575c300eab3ec1c7ecfed3a9a53e55a76927bab7cfc9e0a67b68"},
    {file = "opencv_contrib_python-4.13.0.92-cp37-abi3-win_amd64.whl", hash = "sha256:cb694dcf76bb2c8d7fa573fc1a99339e8b6640194d7778381e74cc3445369e45"},
]

[package.dependencies]
numpy = {version = ">=2", markers = "python_version >= \"3.9\""}

[[package]]
name = "pupil-apriltags"
version = "1.0.4.post11"
description = "Python bindings for apriltags v3"
optional = false
python-versions = ">=3.6"
groups = ["main"]
files = [
    {file = "pupil_apriltags-1.0.4.post11-cp310-cp310-macosx_11_0_arm64.whl", hash = "sha256:01416a4b2517fc3c178f7e83af4eb955769c95762fb03296df78d6f5a5947199"},
    {file = "pupil_apriltags-1.0.4.post11-cp310-cp310-manylinux_2_17_x86_64.manylinux2014_x86_64.whl", hash = "sha256:2fbc1da75650f0535041c30a0325e97711b4388466da82f90e364e0f597664e6"},
    {file = "pupil_apriltags-1.0.4.post11-cp310-cp310-win_amd64.whl", hash = "sha256:386c7fbeaabec87c872ac52e10de3f4496fd4b4b87901480445b0c49213d9dc1"},
    {file = "pupil_apriltags-1.0.4.post11-cp311-cp311-macosx_11_0_arm64.whl", hash = "sha256:bc517b68d18af2563b1769a1dbc44bb885d8251399fb62f2a7d3e2898b916ef1"},
    {file = "pupil_apriltags-1.0.4.post11-cp311-cp311-manylinux_2_17_x86_64.manylinux2014_x86_64.whl", hash = "sha256:51ad21586be1900aafdb95438e208b25ae6a17da919f076e757e83991f2de83b"},
    {file = "pupil_apriltags-1.0.4.post11-cp311-cp311-win_amd64.whl", hash = "sha256:6d717d1c9ca55a06e5610b109fc64cdd330e81d607b5cd6b0c87fb15f24dd80a"},
    {file = "pupil_apriltags-1.0.4.post11-cp312-cp312-macosx_11_0_arm64.whl", hash = "sha256:1b5ebe9262fe07ff16fbdcbbde78e4b04b01e32da2ec148e10d129229a1e225a"},
    {file = "pupil_apriltags-1.0.4.post11-cp312-cp312-manylinux_2_17_x86_64.manylinux2014_x86_64.whl", hash = "sha256:eb7a4f1228b71dbb94ba26f16ffc6378cf86b6be8ebb7a4b7d3d4a48aa121916"},
    {file = "pupil_apriltags-1.0.4.post11-cp312-cp312-win_amd64.whl", hash = "sha256:9c7401e008a2d0725167a08398764dd9b1a35085aad79e9ae8ea8b2e19f00c1e"},
    {file = "pupil_apriltags-1.0.4.post11-cp313-cp313-macosx_11_0_arm64.whl", hash = "sha256:77d80f00a1c3972af90b2ac68e45dd001e816101ddedd9ce1af764125566c770"},
    {file = "pupil_apriltags-1.0.4.post11-cp313-cp313-manylinux_2_17_x86_64.manylinux2014_x86_64.whl", hash = "sha256:e5c46005e61233a44e912921aeddbe8ebf05ffcddadccd798a2f0b02a9524d7c"},
    {file = "pupil_apriltags-1.0.4.post11-cp313-cp313-win_amd64.whl", hash = "sha256:ada1154cd64bd86f39edd6bdd72d7371ded80ce2cde4a344d4fda2aab923db28"},
    {file = "pupil_apriltags-1.0.4.post11-cp36-cp36m-manylinux_2_17_x86_64.manylinux2014_x86_64.whl", hash = "sha256:0b9acd798e791100792f3343e1fc32bbe70fc460fe0e2d82555ad865f0bab78b"},
    {file = "pupil_apriltags-1.0.4.post11-cp36-cp36m-win_amd64.whl", hash = "sha256:971d2301ffd863d04ead011e9131c6cfc3c41182098edec8dce6598a567be824"},
    {file = "pupil_apriltags-1.0.4.post11-cp37-cp37m-manylinux_2_17_x86_64.manylinux2014_x86_64.whl", hash = "sha256:bc1b0ccac45b14e71548c33aefd6ea063db17844e80d6b4ff1a8316fc23cc6b6"},
    {file = "pupil_apriltags-1.0.4.post11-cp37-cp37m-win_amd64.whl", hash = "sha256:bcb939c251deb9798c778e5ec19c3cab281484e99fa09c423f29756b0108eac5"},
    {file = "pupil_apriltags-1.0.4.post11-cp38-cp38-macosx_11_0_arm64.whl", hash = "sha256:9b18063cc417052068ca7bd29abd862f14c5920bdb50dff1158d591dcfe6542e"},
    {file = "pupil_apriltags-1.0.4.post11-cp38-cp38-manylinux_2_17_x86_64.manylinux2014_x86_64.whl", hash = "sha256:bafaf6a2b3bd34ad3dde1df410eeae91432dd5c308d407d3bb63cbec32c167c3"},
    {file = "pupil_apriltags-1.0.4.post11-cp38-cp38-win_amd64.whl", hash = "sha256:007f5ffd149a247fef75ebaf17bf4e7d302448ca373a9287758cbd34ff337c37"},
    {file = "pupil_apriltags-1.0.4.post11-cp39-cp39-macosx_11_0_arm64.whl", hash = "sha256:ee3acbe14ba9cc842b7640466c7faad909e7e068c2394e20a5b24bc0d13809ce"},
    {file = "pupil_apriltags-1.0.4.post11-cp39-cp39-manylinux_2_17_x86_64.manylinux2014_x86_64.whl", hash = "sha256:69c289e923a9880fe3a618e8be8d40aa175bdacee168301ddf0673551a941349"},
    {file = "pupil_apriltags-1.0.4.post11-cp39-cp39-win_amd64.whl", hash = "sha256:f9929b08e39973d256beecd69583e2508e0c84cb85845704b4d5c22f63cb26db"},
    {file = "pupil_apriltags-1.0.4.post11.tar.gz", hash = "sha256:18980da3d3a341e94401cac341768dd453c992d9f0e19a9e6dfdd5c326ff46c4"},
]

[package.dependencies]
numpy = "*"

[package.extras]
docs = ["furo", "jaraco.packaging (>=9)", "rst.linker (>=1.9)", "sphinx"]
testing = ["pytest (>=6)", "pytest-checkdocs (>=2.4)", "pytest-cov", "pytest-enabler (>=1.3)", "pytest-mypy (>=0.9.1) ; platform_python_implementation != \"PyPy\""]

[[package]]
name = "pygame"
version = "2.6.1"
description = "Python Game Development"
optional = false
python-versions = ">=3.6"
groups = ["main"]
files = [
    {file = "pygame-2.6.1-cp310-cp310-macosx_10_9_x86_64.whl", hash = "sha256:9beeb647e555afb5657111fa83acb74b99ad88761108eaea66472e8b8547b55b"},
    {file = "pygame-2.6.1-cp310-cp310-macosx_11_0_arm64.whl", hash = "sha256:10e3d2a55f001f6c0a6eb44aa79ea7607091c9352b946692acedb2ac1482f1c9"},
    {file = "pygame-2.6.1-cp310-cp310-manylinux_2_17_aarch64.manylinux2014_aarch64.whl", hash = "sha256:816e85000c5d8b02a42b9834f761a5925ef3377d2924e3a7c4c143d2990ce5b8"},
    {file = "pygame-2.6.1-cp310-cp310-manylinux_2_17_i686.manylinux2014_i686.whl", hash = "sha256:8a78fd030d98faab4a8e27878536fdff7518d3e062a72761c552f624ebba5a5f"},
    {file = "pygame-2.6.1-cp310-cp310-manylinux_2_17_x86_64.manylinux2014_x86_64.whl", hash = "sha256:da3ad64d685f84a34ebe5daacb39fff14f1251acb34c098d760d63fee768f50c"},
    {file = "pygame-2.6.1-cp310-cp310-win32.whl", hash = "sha256:9dd5c054d4bd875a8caf978b82672f02bec332f52a833a76899220c460bb4b58"},
    {file = "pygame-2.6.1-cp310-cp310-win_amd64.whl", hash = "sha256:00827aba089355925902d533f9c41e79a799641f03746c50a374dc5c3362e43d"},
    {file = "pygame-2.6.1-cp311-cp311-macosx_10_9_x86_64.whl", hash = "sha256:20349195326a5e82a16e351ed93465a7845a7e2a9af55b7bc1b2110ea3e344e1"},
    {file = "pygame-2.6.1-cp311-cp311-macosx_11_0_arm64.whl", hash = "sha256:f3935459109da4bb0b3901da9904f0a3e52028a3332a355d298b1673a334cf21"},
    {file = "pygame-2.6.1-cp311-cp311-manylinux_2_17_aarch64.manylinux2014_aarch64.whl", hash = "sha256:c31dbdb5d0217f32764797d21c2752e258e5fb7e895326538d82b5f75a0cd856"},
    {file = "pygame-2.6.1-cp311-cp311-manylinux_2_17_i686.manylinux2014_i686.whl", hash = "sha256:173badf82fa198e6888017bea40f511cb28e69ecdd5a72b214e81e4dcd66c3b1"},
    {file = "pygame-2.6.1-cp311-cp311-manylinux_2_17_x86_64.manylinux2014_x86_64.whl", hash = "sha256:ce8cc108b92de9b149b344ad2e25eedbe773af0dc41dfb24d1f07f679b558c60"},
    {file = "pygame-2.6.1-cp311-cp311-win32.whl", hash = "sha256:811e7b925146d8149d79193652cbb83e0eca0aae66476b1cb310f0f4226b8b5c"},
    {file = "pygame-2.6.1-cp311-cp311-win_amd64.whl", hash = "sha256:91476902426facd4bb0dad4dc3b2573bc82c95c71b135e0daaea072ed528d299"},
    {file = "pygame-2.6.1-cp312-cp312-macosx_10_9_x86_64.whl", hash = "sha256:4ee7f2771f588c966fa2fa8b829be26698c9b4836f82ede5e4edc1a68594942e"},
    {file = "pygame-2.6.1-cp312-cp312-macosx_11_0_arm64.whl", hash = "sha256:c8040ea2ab18c6b255af706ec01355c8a6b08dc48d77fd4ee783f8fc46a843bf"},
    {file = "pygame-2.6.1-cp312-cp312-manylinux_2_17_aarch64.manylinux2014_aarch64.whl", hash = "sha256:c47a6938de93fa610accd4969e638c2aebcb29b2fca518a84c3a39d91ab47116"},
    {file = "pygame-2.6.1-cp312-cp312-manylinux_2_17_i686.manylinux2014_i686.whl", hash = "sha256:33006f784e1c7d7e466fcb61d5489da59cc5f7eb098712f792a225df1d4e229d"},
    {file = "pygame-2.6.1-cp312-cp312-manylinux_2_17_x86_64.manylinux2014_x86_64.whl", hash = "sha256:1206125f14cae22c44565c9d333607f1d9f59487b1f1432945dfc809aeaa3e88"},
    {file = "pygame-2.6.1-cp312-cp312-win32.whl", hash = "sha256:84fc4054e25262140d09d39e094f6880d730199710829902f0d8ceae0213379e"},
    {file = "pygame-2.6.1-cp312-cp312-win_amd64.whl", hash = "sha256:3a9e7396be0d9633831c3f8d5d82dd63ba373ad65599628294b7a4f8a5a01a65"},
    {file = "pygame-2.6.1-cp313-cp313-macosx_10_13_x86_64.whl", hash = "sha256:ae6039f3a55d800db80e8010f387557b528d34d534435e0871326804df2a62f2"},
    {file = "pygame-2.6.1-cp313-cp313-macosx_11_0_arm64.whl", hash = "sha256:2a3a1288e2e9b1e5834e425bedd5ba01a3cd4902b5c2bff8ed4a740ccfe98171"},
    {file = "pygame-2.6.1-cp313-cp313-manylinux_2_17_aarch64.manylinux2014_aarch64.whl", hash = "sha256:27eb17e3dc9640e4b4683074f1890e2e879827447770470c2aba9f125f74510b"},
    {file = "pygame-2.6.1-cp313-cp313-manylinux_2_17_i686.manylinux2014_i686.whl", hash = "sha256:4c1623180e70a03c4a734deb9bac50fc9c82942ae84a3a220779062128e75f3b"},
    {file = "pygame-2.6.1-cp313-cp313-manylinux_2_17_x86_64.manylinux2014_x86_64.whl", hash = "sha256:ef07c0103d79492c21fced9ad68c11c32efa6801ca1920ebfd0f15fb46c78b1c"},
    {file = "pygame-2.6.1-cp313-cp313-win32.whl", hash = "sha256:3acd8c009317190c2bfd81db681ecef47d5eb108c2151d09596d9c7ea9df5c0e"},
    {file = "pygame-2.6.1-cp313-cp313-win_amd64.whl", hash = "sha256:813af4fba5d0b2cb8e58f5d95f7910295c34067dcc290d34f1be59c48bd1ea6a"},
    {file = "pygame-2.6.1-cp36-cp36m-macosx_10_9_x86_64.whl", hash = "sha256:56ffca6059b165bbf64f4b4be23b8068f6a0e220780e4f96ec0bb5ac3c63ec39"},
    {file = "pygame-2.6.1-cp36-cp36m-manylinux_2_17_aarch64.manylinux2014_aarch64.whl", hash = "sha256:3bede70ec708057e305815d6546012669226d1d80566785feca9b044216062e7"},
    {file = "pygame-2.6.1-cp36-cp36m-manylinux_2_17_i686.manylinux2014_i686.whl", hash = "sha256:f84f15d146d6aa93254008a626c56ef96fed276006202881a47b29757f0cd65a"},
    {file = "pygame-2.6.1-cp36-cp36m-manylinux_2_17_x86_64.manylinux2014_x86_64.whl", hash = "sha256:14f9dda45469b254c0f15edaaeaa85d2cc072ff6a83584a265f5d684c7f7efd8"},
    {file = "pygame-2.6.1-cp36-cp36m-win32.whl", hash = "sha256:28b43190436037e428a5be28fc80cf6615304fd528009f2c688cc828f4ff104b"},
    {file = "pygame-2.6.1-cp36-cp36m-win_amd64.whl", hash = "sha256:a4b8f04fceddd9a3ac30778d11f0254f59efcd1c382d5801271113cea8b4f2f3"},
    {file = "pygame-2.6.1-cp37-cp37m-macosx_10_9_x86_64.whl", hash = "sha256:a620883d589926f157b8f1d1f543183ac52e5c30507dea445e3927ae0bee1c54"},
    {file = "pygame-2.6.1-cp37-cp37m-manylinux_2_17_aarch64.manylinux2014_aarch64.whl", hash = "sha256:b46e68cd168f44d0224c670bb72186688fc692d7079715f79d04096757d703d0"},
    {file = "pygame-2.6.1-cp37-cp37m-manylinux_2_17_i686.manylinux2014_i686.whl", hash = "sha256:c0b11356ac96261162d54a2c2b41a41978f00525631b01ec9c4fe26b01c66595"},
    {file = "pygame-2.6.1-cp37-cp37m-manylinux_2_17_x86_64.manylinux2014_x86_64.whl", hash = "sha256:325a84d072d52e3c2921eff02f87c6a74b7e77d71db3bdf53801c6c975f1b6c4"},
    {file = "pygame-2.6.1-cp37-cp37m-win32.whl", hash = "sha256:2a615d78b2364e86f541458ff41c2a46181b9a1e9eabd97b389282fdf04efbb3"},
    {file = "pygame-2.6.1-cp37-cp37m-win_amd64.whl", hash = "sha256:94afd1177680d92f9214c54966ad3517d18210c4fbc5d84a0192d218e93647e0"},
    {file = "pygame-2.6.1-cp38-cp38-macosx_10_9_x86_64.whl", hash = "sha256:97ac4e13847b6b293ecaffa5ffce9886c98d09c03309406931cc592f0cea6366"},
    {file = "pygame-2.6.1-cp38-cp38-macosx_11_0_arm64.whl", hash = "sha256:d1a7f2b66ac2e4c9583b6d4c6d6f346fb10a3392c04163f537061f86a448ed5c"},
    {file = "pygame-2.6.1-cp38-cp38-manylinux_2_17_aarch64.manylinux2014_aarch64.whl", hash = "sha256:ac3f033d2be4a9e23660a96afe2986df3a6916227538a6a0061bc218c5088507"},
    {file = "pygame-2.6.1-cp38-cp38-manylinux_2_17_i686.manylinux2014_i686.whl", hash = "sha256:a1bf7ab5311bbced70320f1a56701650b4c18231343ae5af42111eea91e0949a"},
    {file = "pygame-2.6.1-cp38-cp38-manylinux_2_17_x86_64.manylinux2014_x86_64.whl", hash = "sha256:21160d9093533eb831f1b708e630706e5ac16b30750571ec27bc3b8364814f38"},
    {file = "pygame-2.6.1-cp38-cp38-win32.whl", hash = "sha256:7bffdd3eaf394d9645331d1c3a5df9d782ebcc3c5a78f3b657c7879a828dd111"},
    {file = "pygame-2.6.1-cp38-cp38-win_amd64.whl", hash = "sha256:818b4eaec9c4acb6ac64805d4ca8edd4062bebca77bd815c18739fe2842c97e9"},
    {file = "pygame-2.6.1-cp39-cp39-macosx_10_9_x86_64.whl", hash = "sha256:15efaa11a80a65dd589a95bebe812fa5bfc7e14946b638a424c5bd9ac6cca1a4"},
    {file = "pygame-2.6.1-cp39-cp39-macosx_11_0_arm64.whl", hash = "sha256:481cfe1bdbb7fe00acc5950c494c26f00240888619bdc396fc8c39a734797432"},
    {file = "pygame-2.6.1-cp39-cp39-manylinux_2_17_aarch64.manylinux2014_aarch64.whl", hash = "sha256:5d09fd950725d187aa5207c0cb8eb9ab0d2f8ce9ab8d189c30eeb470e71b617e"},
    {file = "pygame-2.6.1-cp39-cp39-manylinux_2_17_i686.manylinux2014_i686.whl", hash = "sha256:163e66de169bd5670c86e27d0b74aad0d2d745e3b63cf4e7eb5b2bff1231ca8d"},
    {file = "pygame-2.6.1-cp39-cp39-manylinux_2_17_x86_64.manylinux2014_x86_64.whl", hash = "sha256:fb6e8d0547f30ddc845f4fd1e33070ef548233ad0dbf21f7ecea768883d1bbdc"},
    {file = "pygame-2.6.1-cp39-cp39-win32.whl", hash = "sha256:d29eb9a93f12aa3d997b6e3c447ac85b2a4b142ab2548441523a8fcf5e216042"},
    {file = "pygame-2.6.1-cp39-cp39-win_amd64.whl", hash = "sha256:6582aa71a681e02e55d43150a9ab41394e6bf4d783d2962a10aea58f424be060"},
    {file = "pygame-2.6.1-pp36-pypy36_pp73-win32.whl", hash = "sha256:4a8ea113b1bf627322a025a1a5a87e3818a7f55ab3a4077ff1ae5c8c60576614"},
    {file = "pygame-2.6.1-pp38-pypy38_pp73-macosx_10_9_x86_64.whl", hash = "sha256:b7f9f8e6f76de36f4725175d686601214af362a4f30614b4dae2240198e72e6f"},
    {file = "pygame-2.6.1-pp39-pypy39_pp73-macosx_10_15_x86_64.whl", hash = "sha256:bbb7167c92103a2091366e9af26d4914ba3776666e8677d3c93551353fffa626"},
    {file = "pygame-2.6.1-pp39-pypy39_pp73-manylinux_2_17_i686.manylinux2014_i686.whl", hash = "sha256:17498a2b043bc0e795faedef1b081199c688890200aef34991c1941caa2d2c89"},
    {file = "pygame-2.6.1-pp39-pypy39_pp73-manylinux_2_17_x86_64.manylinux2014_x86_64.whl", hash = "sha256:7103c60939bbc1e05cfc7ba3f1d2ad3bbf103b7828b82a7166a9ab6f51950146"},
    {file = "pygame-2.6.1.tar.gz", hash = "sha256:56fb02ead529cee00d415c3e007f75e0780c655909aaa8e8bf616ee09c9feb1f"},
]

[metadata]
lock-version = "2.1"
python-versions = ">=3.14"
content-hash = "f83a99d5bbbfe70643cf501c1be64d2f151665a0a1540889dc44c398a44239c1"
